PODS:
  - FlutterMacOS (1.0.0)
  - native_add (0.0.1):
    - FlutterMacOS

DEPENDENCIES:
  - FlutterMacOS (from `Flutter/ephemeral`)
  - native_add (from `Flutter/ephemeral/.symlinks/plugins/native_add/macos`)

EXTERNAL SOURCES:
  FlutterMacOS:
    :path: Flutter/ephemeral
  native_add:
    :path: Flutter/ephemeral/.symlinks/plugins/native_add/macos

SPEC CHECKSUMS:
  FlutterMacOS: ae6af50a8ea7d6103d888583d46bd8328a7e9811
  native_add: 82ce652d5dd72c84e1c306871dd87168eb9a61c5

PODFILE CHECKSUM: 6eac6b3292e5142cfc23bdeb71848a40ec51c14c

COCOAPODS: 1.11.3
